
Microsoft Visual Studio Solution File, Format Version 12.00
# Visual Studio Version 16
VisualStudioVersion = 16.0.30309.148
MinimumVisualStudioVersion = 10.0.40219.1
Project("{8BC9CEB8-8B4A-11D0-8D11-00A0C91BC942}") = "Test_XML einlesen", "Test_XML einlesen.vcxproj", "{6E0EA307-9A63-479C-8501-3D9FC2DC5B90}"
EndProject
Global
	GlobalSection(SolutionConfigurationPlatforms) = preSolution
		Debug|x64 = Debug|x64
		Debug|x86 = Debug|x86
		Release|x64 = Release|x64
		Release|x86 = Release|x86
	EndGlobalSection
	GlobalSection(ProjectConfigurationPlatforms) = postSolution
		{6E0EA307-9A63-479C-8501-3D9FC2DC5B90}.Debug|x64.ActiveCfg = Debug|x64
		{6E0EA307-9A63-479C-8501-3D9FC2DC5B90}.Debug|x64.Build.0 = Debug|x64
		{6E0EA307-9A63-479C-8501-3D9FC2DC5B90}.Debug|x86.ActiveCfg = Debug|Win32
		{6E0EA307-9A63-479C-8501-3D9FC2DC5B90}.Debug|x86.Build.0 = Debug|Win32
		{6E0EA307-9A63-479C-8501-3D9FC2DC5B90}.Release|x64.ActiveCfg = Release|x64
		{6E0EA307-9A63-479C-8501-3D9FC2DC5B90}.Release|x64.Build.0 = Release|x64
		{6E0EA307-9A63-479C-8501-3D9FC2DC5B90}.Release|x86.ActiveCfg = Release|Win32
		{6E0EA307-9A63-479C-8501-3D9FC2DC5B90}.Release|x86.Build.0 = Release|Win32
	EndGlobalSection
	GlobalSection(SolutionProperties) = preSolution
		HideSolutionNode = FALSE
	EndGlobalSection
	GlobalSection(ExtensibilityGlobals) = postSolution
		SolutionGuid = {68EDA666-C90C-4C12-91B2-FEADE7BE4D7C}
	EndGlobalSection
EndGlobal
